
Microsoft Visual Studio Solution File, Format Version 12.00
# Visual Studio Version 16
VisualStudioVersion = 16.0.30611.23
MinimumVisualStudioVersion = 10.0.40219.1
Project("{FAE04EC0-301F-11D3-BF4B-00C04F79EFBC}") = "KinderGarten", "KinderGarten\KinderGarten.csproj", "{11C208C8-5F06-44C2-8DA5-A17E5C0CF44D}"
EndProject
Global
	GlobalSection(SolutionConfigurationPlatforms) = preSolution
		Debug|Any CPU = Debug|Any CPU
		Release|Any CPU = Release|Any CPU
	EndGlobalSection
	GlobalSection(ProjectConfigurationPlatforms) = postSolution
		{11C208C8-5F06-44C2-8DA5-A17E5C0CF44D}.Debug|Any CPU.ActiveCfg = Debug|Any CPU
		{11C208C8-5F06-44C2-8DA5-A17E5C0CF44D}.Debug|Any CPU.Build.0 = Debug|Any CPU
		{11C208C8-5F06-44C2-8DA5-A17E5C0CF44D}.Release|Any CPU.ActiveCfg = Release|Any CPU
		{11C208C8-5F06-44C2-8DA5-A17E5C0CF44D}.Release|Any CPU.Build.0 = Release|Any CPU
	EndGlobalSection
	GlobalSection(SolutionProperties) = preSolution
		HideSolutionNode = FALSE
	EndGlobalSection
	GlobalSection(ExtensibilityGlobals) = postSolution
		SolutionGuid = {42A8FF78-FE3E-4CE0-ADFE-8944DA39C026}
	EndGlobalSection
EndGlobal
